# This file is automatically @generated by Cargo.
# It is not intended for manual editing.
version = 3

[[package]]
name = "block-buffer"
version = "0.9.0"
source = "registry+https://github.com/rust-lang/crates.io-index"
checksum = "4152116fd6e9dadb291ae18fc1ec3575ed6d84c29642d97890f4b4a3417297e4"
dependencies = [
 "generic-array",
]

[[package]]
name = "cfg-if"
version = "1.0.0"
source = "registry+https://github.com/rust-lang/crates.io-index"
checksum = "baf1de4339761588bc0619e3cbc0120ee582ebb74b53b4efbf79117bd2da40fd"

[[package]]
name = "cpufeatures"
version = "0.2.5"
source = "registry+https://github.com/rust-lang/crates.io-index"
checksum = "28d997bd5e24a5928dd43e46dc529867e207907fe0b239c3477d924f7f2ca320"
dependencies = [
 "libc",
]

[[package]]
name = "create_type_spec_derive"
version = "0.5.0"
source = "git+https://git@gitlab.com/partisiablockchain/language/contract-sdk.git?tag=13.1.0#21dd1030a80b25c15c42aeb25e1bd1eb7920989a"
dependencies = [
 "derive_commons",
 "proc-macro2",
 "quote",
 "syn",
 "uuid",
]

[[package]]
name = "derive_commons"
version = "0.5.0"
source = "git+https://git@gitlab.com/partisiablockchain/language/contract-sdk.git?tag=13.1.0#21dd1030a80b25c15c42aeb25e1bd1eb7920989a"
dependencies = [
 "proc-macro2",
 "quote",
 "syn",
]

[[package]]
name = "digest"
version = "0.9.0"
source = "registry+https://github.com/rust-lang/crates.io-index"
checksum = "d3dd60d1080a57a05ab032377049e0591415d2b31afd7028356dbf3cc6dcb066"
dependencies = [
 "generic-array",
]

[[package]]
name = "generic-array"
version = "0.14.6"
source = "registry+https://github.com/rust-lang/crates.io-index"
checksum = "bff49e947297f3312447abdca79f45f4738097cc82b06e72054d2223f601f1b9"
dependencies = [
 "typenum",
 "version_check",
]

[[package]]
name = "getrandom"
version = "0.2.8"
source = "registry+https://github.com/rust-lang/crates.io-index"
checksum = "c05aeb6a22b8f62540c194aac980f2115af067bfe15a0734d7277a768d396b31"
dependencies = [
 "cfg-if",
 "libc",
 "wasi",
]

[[package]]
name = "itoa"
version = "1.0.6"
source = "registry+https://github.com/rust-lang/crates.io-index"
checksum = "453ad9f582a441959e5f0d088b02ce04cfe8d51a8eaf077f12ac6d3e94164ca6"

[[package]]
name = "libc"
version = "0.2.140"
source = "registry+https://github.com/rust-lang/crates.io-index"
checksum = "99227334921fae1a979cf0bfdfcc6b3e5ce376ef57e16fb6fb3ea2ed6095f80c"

[[package]]
name = "meta-names-contract"
version = "0.0.1"
dependencies = [
 "create_type_spec_derive",
 "pbc_contract_codegen",
 "pbc_contract_common",
 "pbc_lib",
 "pbc_traits",
 "read_write_rpc_derive",
 "read_write_state_derive",
 "serde_json",
]

[[package]]
name = "opaque-debug"
version = "0.3.0"
source = "registry+https://github.com/rust-lang/crates.io-index"
checksum = "624a8340c38c1b80fd549087862da4ba43e08858af025b236e509b6649fc13d5"

[[package]]
name = "pbc_contract_codegen"
version = "0.5.0"
source = "git+https://git@gitlab.com/partisiablockchain/language/contract-sdk.git?tag=13.1.0#21dd1030a80b25c15c42aeb25e1bd1eb7920989a"
dependencies = [
 "pbc_contract_common",
 "pbc_external",
 "pbc_lib",
 "pbc_traits",
 "proc-macro2",
 "quote",
 "sha2",
 "syn",
]

[[package]]
name = "pbc_contract_common"
version = "0.5.0"
source = "git+https://git@gitlab.com/partisiablockchain/language/contract-sdk.git?tag=13.1.0#21dd1030a80b25c15c42aeb25e1bd1eb7920989a"
dependencies = [
 "create_type_spec_derive",
 "pbc_contract_core",
 "pbc_external",
 "pbc_traits",
 "quote",
 "read_write_rpc_derive",
 "read_write_state_derive",
]

[[package]]
name = "pbc_contract_core"
version = "0.5.0"
source = "git+https://git@gitlab.com/partisiablockchain/language/contract-sdk.git?tag=13.1.0#21dd1030a80b25c15c42aeb25e1bd1eb7920989a"
dependencies = [
 "pbc_traits",
 "read_write_rpc_derive",
 "read_write_state_derive",
 "sha2",
]

[[package]]
name = "pbc_external"
version = "0.5.0"
source = "git+https://git@gitlab.com/partisiablockchain/language/contract-sdk.git?tag=13.1.0#21dd1030a80b25c15c42aeb25e1bd1eb7920989a"

[[package]]
name = "pbc_lib"
version = "0.5.0"
source = "git+https://git@gitlab.com/partisiablockchain/language/contract-sdk.git?tag=13.1.0#21dd1030a80b25c15c42aeb25e1bd1eb7920989a"

[[package]]
name = "pbc_traits"
version = "0.5.0"
source = "git+https://git@gitlab.com/partisiablockchain/language/contract-sdk.git?tag=13.1.0#21dd1030a80b25c15c42aeb25e1bd1eb7920989a"
dependencies = [
 "quote",
]

[[package]]
name = "proc-macro2"
version = "1.0.52"
source = "registry+https://github.com/rust-lang/crates.io-index"
checksum = "1d0e1ae9e836cc3beddd63db0df682593d7e2d3d891ae8c9083d2113e1744224"
dependencies = [
 "unicode-ident",
]

[[package]]
name = "quote"
version = "1.0.26"
source = "registry+https://github.com/rust-lang/crates.io-index"
checksum = "4424af4bf778aae2051a77b60283332f386554255d722233d09fbfc7e30da2fc"
dependencies = [
 "proc-macro2",
]

[[package]]
name = "read_write_rpc_derive"
version = "0.5.0"
source = "git+https://git@gitlab.com/partisiablockchain/language/contract-sdk.git?tag=13.1.0#21dd1030a80b25c15c42aeb25e1bd1eb7920989a"
dependencies = [
 "derive_commons",
 "proc-macro2",
 "quote",
 "syn",
]

[[package]]
name = "read_write_state_derive"
version = "0.5.0"
source = "git+https://git@gitlab.com/partisiablockchain/language/contract-sdk.git?tag=13.1.0#21dd1030a80b25c15c42aeb25e1bd1eb7920989a"
dependencies = [
 "derive_commons",
 "proc-macro2",
 "quote",
 "syn",
]

[[package]]
name = "ryu"
version = "1.0.13"
source = "registry+https://github.com/rust-lang/crates.io-index"
checksum = "f91339c0467de62360649f8d3e185ca8de4224ff281f66000de5eb2a77a79041"

[[package]]
name = "serde"
version = "1.0.158"
source = "registry+https://github.com/rust-lang/crates.io-index"
checksum = "771d4d9c4163ee138805e12c710dd365e4f44be8be0503cb1bb9eb989425d9c9"

[[package]]
name = "serde_json"
version = "1.0.94"
source = "registry+https://github.com/rust-lang/crates.io-index"
checksum = "1c533a59c9d8a93a09c6ab31f0fd5e5f4dd1b8fc9434804029839884765d04ea"
dependencies = [
 "itoa",
 "ryu",
 "serde",
]

[[package]]
name = "sha2"
version = "0.9.9"
source = "registry+https://github.com/rust-lang/crates.io-index"
checksum = "4d58a1e1bf39749807d89cf2d98ac2dfa0ff1cb3faa38fbb64dd88ac8013d800"
dependencies = [
 "block-buffer",
 "cfg-if",
 "cpufeatures",
 "digest",
 "opaque-debug",
]

[[package]]
name = "syn"
version = "1.0.109"
source = "registry+https://github.com/rust-lang/crates.io-index"
checksum = "72b64191b275b66ffe2469e8af2c1cfe3bafa67b529ead792a6d0160888b4237"
dependencies = [
 "proc-macro2",
 "quote",
 "unicode-ident",
]

[[package]]
name = "typenum"
version = "1.16.0"
source = "registry+https://github.com/rust-lang/crates.io-index"
checksum = "497961ef93d974e23eb6f433eb5fe1b7930b659f06d12dec6fc44a8f554c0bba"

[[package]]
name = "unicode-ident"
version = "1.0.8"
source = "registry+https://github.com/rust-lang/crates.io-index"
checksum = "e5464a87b239f13a63a501f2701565754bae92d243d4bb7eb12f6d57d2269bf4"

[[package]]
name = "uuid"
version = "0.8.2"
source = "registry+https://github.com/rust-lang/crates.io-index"
checksum = "bc5cf98d8186244414c848017f0e2676b3fcb46807f6668a97dfe67359a3c4b7"
dependencies = [
 "getrandom",
]

[[package]]
name = "version_check"
version = "0.9.4"
source = "registry+https://github.com/rust-lang/crates.io-index"
checksum = "49874b5167b65d7193b8aba1567f5c7d93d001cafc34600cee003eda787e483f"

[[package]]
name = "wasi"
version = "0.11.0+wasi-snapshot-preview1"
source = "registry+https://github.com/rust-lang/crates.io-index"
checksum = "9c8d87e72b64a3b4db28d11ce29237c246188f4f51057d65a7eab63b7987e423"
